
Microsoft Visual Studio Solution File, Format Version 12.00
# Visual Studio Version 16
VisualStudioVersion = 16.0.31129.286
MinimumVisualStudioVersion = 10.0.40219.1
Project("{FAE04EC0-301F-11D3-BF4B-00C04F79EFBC}") = "My1stMVC", "My1stMVC\My1stMVC.csproj", "{F5F4422F-EFA6-4E19-8F6B-123F3527968B}"
EndProject
Global
	GlobalSection(SolutionConfigurationPlatforms) = preSolution
		Debug|Any CPU = Debug|Any CPU
		Release|Any CPU = Release|Any CPU
	EndGlobalSection
	GlobalSection(ProjectConfigurationPlatforms) = postSolution
		{F5F4422F-EFA6-4E19-8F6B-123F3527968B}.Debug|Any CPU.ActiveCfg = Debug|Any CPU
		{F5F4422F-EFA6-4E19-8F6B-123F3527968B}.Debug|Any CPU.Build.0 = Debug|Any CPU
		{F5F4422F-EFA6-4E19-8F6B-123F3527968B}.Release|Any CPU.ActiveCfg = Release|Any CPU
		{F5F4422F-EFA6-4E19-8F6B-123F3527968B}.Release|Any CPU.Build.0 = Release|Any CPU
	EndGlobalSection
	GlobalSection(SolutionProperties) = preSolution
		HideSolutionNode = FALSE
	EndGlobalSection
	GlobalSection(ExtensibilityGlobals) = postSolution
		SolutionGuid = {6C18898B-9152-4018-9F23-71A6CA75621A}
	EndGlobalSection
EndGlobal
